# This file is automatically @generated by Cargo.
# It is not intended for manual editing.
version = 4

[[package]]
name = "eliot-search"
version = "0.0.0"
dependencies = [
 "search-config",
 "search-contracts",
 "search-ports",
 "search-provider-protocol",
]

[[package]]
name = "eliot-search-doc-worker"
version = "0.0.0"
dependencies = [
 "search-contracts",
 "search-materializer",
 "search-ports",
 "search-provider-protocol",
]

[[package]]
name = "eliot-search-model-worker"
version = "0.0.0"
dependencies = [
 "search-contracts",
 "search-model-provider",
 "search-ports",
 "search-provider-protocol",
]

[[package]]
name = "eliot-searchd"
version = "0.0.0"
dependencies = [
 "search-access",
 "search-candidate-validator",
 "search-code-enricher",
 "search-comparator",
 "search-config",
 "search-continuation",
 "search-contracts",
 "search-control-redb",
 "search-domain",
 "search-epoch-pins",
 "search-eval",
 "search-exact",
 "search-handles",
 "search-index-reclaimer",
 "search-lexical",
 "search-materializer",
 "search-os-secrets",
 "search-overlay",
 "search-point-identity",
 "search-ports",
 "search-projection-planner",
 "search-provider-protocol",
 "search-publication",
 "search-qdrant-bridge",
 "search-qdrant-supervisor",
 "search-query-planner",
 "search-result-projector",
 "search-retention",
 "search-retrieval-executor",
 "search-revision-store",
 "search-runtime-owner",
 "search-safe-reader",
 "search-source-admission",
 "search-source-identity",
 "search-source-reconcile",
 "search-source-registry",
 "search-subject-resolver",
 "search-unitizer",
]

[[package]]
name = "search-access"
version = "0.0.0"
dependencies = [
 "search-contracts",
 "search-domain",
 "search-ports",
]

[[package]]
name = "search-candidate-validator"
version = "0.0.0"
dependencies = [
 "search-access",
 "search-contracts",
 "search-domain",
 "search-ports",
]

[[package]]
name = "search-code-enricher"
version = "0.0.0"
dependencies = [
 "search-contracts",
 "search-domain",
 "search-ports",
]

[[package]]
name = "search-comparator"
version = "0.0.0"
dependencies = [
 "search-contracts",
 "search-domain",
 "search-subject-resolver",
]

[[package]]
name = "search-config"
version = "0.0.0"
dependencies = [
 "search-contracts",
]

[[package]]
name = "search-continuation"
version = "0.0.0"
dependencies = [
 "search-access",
 "search-config",
 "search-contracts",
 "search-domain",
 "search-epoch-pins",
 "search-ports",
 "search-query-planner",
]

[[package]]
name = "search-contracts"
version = "0.0.0"

[[package]]
name = "search-control-redb"
version = "0.0.0"
dependencies = [
 "search-config",
 "search-contracts",
 "search-domain",
 "search-ports",
]

[[package]]
name = "search-domain"
version = "0.0.0"
dependencies = [
 "search-contracts",
]

[[package]]
name = "search-eliot-adapter"
version = "0.0.0"
dependencies = [
 "search-contracts",
 "search-domain",
 "search-provider-protocol",
]

[[package]]
name = "search-epoch-pins"
version = "0.0.0"
dependencies = [
 "search-contracts",
 "search-domain",
 "search-ports",
]

[[package]]
name = "search-eval"
version = "0.0.0"
dependencies = [
 "search-config",
 "search-contracts",
 "search-domain",
]

[[package]]
name = "search-exact"
version = "0.0.0"
dependencies = [
 "search-access",
 "search-contracts",
 "search-domain",
 "search-ports",
]

[[package]]
name = "search-handles"
version = "0.0.0"
dependencies = [
 "search-config",
 "search-contracts",
 "search-domain",
 "search-ports",
]

[[package]]
name = "search-index-reclaimer"
version = "0.0.0"
dependencies = [
 "search-config",
 "search-contracts",
 "search-domain",
 "search-epoch-pins",
 "search-ports",
]

[[package]]
name = "search-lexical"
version = "0.0.0"
dependencies = [
 "search-config",
 "search-contracts",
 "search-domain",
 "search-ports",
]

[[package]]
name = "search-materializer"
version = "0.0.0"
dependencies = [
 "search-contracts",
 "search-domain",
 "search-ports",
]

[[package]]
name = "search-model-provider"
version = "0.0.0"
dependencies = [
 "search-contracts",
 "search-domain",
 "search-ports",
]

[[package]]
name = "search-os-secrets"
version = "0.0.0"
dependencies = [
 "search-config",
 "search-contracts",
 "search-domain",
 "search-ports",
]

[[package]]
name = "search-overlay"
version = "0.0.0"
dependencies = [
 "search-config",
 "search-contracts",
 "search-domain",
 "search-lexical",
 "search-ports",
 "search-unitizer",
]

[[package]]
name = "search-point-identity"
version = "0.0.0"
dependencies = [
 "search-contracts",
 "search-domain",
]

[[package]]
name = "search-ports"
version = "0.0.0"
dependencies = [
 "search-contracts",
]

[[package]]
name = "search-projection-planner"
version = "0.0.0"
dependencies = [
 "search-contracts",
 "search-domain",
 "search-point-identity",
 "search-ports",
]

[[package]]
name = "search-provider-protocol"
version = "0.0.0"
dependencies = [
 "search-config",
 "search-contracts",
 "search-domain",
 "search-ports",
]

[[package]]
name = "search-publication"
version = "0.0.0"
dependencies = [
 "search-contracts",
 "search-domain",
 "search-point-identity",
 "search-ports",
 "search-projection-planner",
]

[[package]]
name = "search-qdrant-bridge"
version = "0.0.0"
dependencies = [
 "search-config",
 "search-contracts",
 "search-domain",
 "search-ports",
]

[[package]]
name = "search-qdrant-supervisor"
version = "0.0.0"
dependencies = [
 "search-config",
 "search-contracts",
 "search-domain",
 "search-ports",
]

[[package]]
name = "search-query-planner"
version = "0.0.0"
dependencies = [
 "search-access",
 "search-config",
 "search-contracts",
 "search-domain",
 "search-ports",
]

[[package]]
name = "search-research-export-adapter"
version = "0.0.0"
dependencies = [
 "search-contracts",
 "search-domain",
 "search-ports",
 "search-provider-protocol",
]

[[package]]
name = "search-result-projector"
version = "0.0.0"
dependencies = [
 "search-candidate-validator",
 "search-contracts",
 "search-domain",
 "search-handles",
 "search-ports",
]

[[package]]
name = "search-retention"
version = "0.0.0"
dependencies = [
 "search-config",
 "search-contracts",
 "search-domain",
 "search-epoch-pins",
 "search-handles",
 "search-index-reclaimer",
 "search-ports",
]

[[package]]
name = "search-retrieval-executor"
version = "0.0.0"
dependencies = [
 "search-access",
 "search-config",
 "search-contracts",
 "search-domain",
 "search-epoch-pins",
 "search-lexical",
 "search-ports",
 "search-query-planner",
]

[[package]]
name = "search-revision-store"
version = "0.0.0"
dependencies = [
 "search-config",
 "search-contracts",
 "search-domain",
 "search-ports",
]

[[package]]
name = "search-runtime-owner"
version = "0.0.0"
dependencies = [
 "search-config",
 "search-contracts",
 "search-domain",
 "search-ports",
]

[[package]]
name = "search-safe-reader"
version = "0.0.0"
dependencies = [
 "search-config",
 "search-contracts",
 "search-domain",
 "search-ports",
]

[[package]]
name = "search-source-admission"
version = "0.0.0"
dependencies = [
 "search-config",
 "search-contracts",
 "search-domain",
 "search-ports",
]

[[package]]
name = "search-source-identity"
version = "0.0.0"
dependencies = [
 "search-contracts",
 "search-domain",
]

[[package]]
name = "search-source-reconcile"
version = "0.0.0"
dependencies = [
 "search-config",
 "search-contracts",
 "search-domain",
 "search-ports",
 "search-safe-reader",
 "search-source-identity",
 "search-source-registry",
]

[[package]]
name = "search-source-registry"
version = "0.0.0"
dependencies = [
 "search-contracts",
 "search-domain",
 "search-ports",
 "search-source-admission",
 "search-source-identity",
]

[[package]]
name = "search-subject-resolver"
version = "0.0.0"
dependencies = [
 "search-contracts",
 "search-domain",
]

[[package]]
name = "search-unitizer"
version = "0.0.0"
dependencies = [
 "search-contracts",
 "search-domain",
 "search-ports",
]
